// !$*UTF8*$!
{
	archiveVersion = 1;
	classes = {
	};
	objectVersion = 56;
	objects = {

/* Begin PBXBuildFile section */
		4905C3E822C72CEC00D9B7CE /* trips.json in Resources */ = {isa = PBXBuildFile; fileRef = 4905C3E722C72CEC00D9B7CE /* trips.json */; };
		49158D8322E970C80067D893 /* ProgramState.swift in Sources */ = {isa = PBXBuildFile; fileRef = 49158D8222E970C80067D893 /* ProgramState.swift */; };
		491B760F22DEC9EE00268B60 /* RideDetailView.swift in Sources */ = {isa = PBXBuildFile; fileRef = 491B760E22DEC9EE00268B60 /* RideDetailView.swift */; };
		492151D4273F342A00B51E94 /* RestaurantDetailViewTests.swift in Sources */ = {isa = PBXBuildFile; fileRef = 492151D3273F342A00B51E94 /* RestaurantDetailViewTests.swift */; };
		492151D6273F3AAF00B51E94 /* RideVisitsView.swift in Sources */ = {isa = PBXBuildFile; fileRef = 492151D5273F3AAF00B51E94 /* RideVisitsView.swift */; };
		493BBFDB22C01AE600E2B437 /* RestaurantView.swift in Sources */ = {isa = PBXBuildFile; fileRef = 493BBFDA22C01AE600E2B437 /* RestaurantView.swift */; };
		493BBFDD22C01B1000E2B437 /* RideListView.swift in Sources */ = {isa = PBXBuildFile; fileRef = 493BBFDC22C01B1000E2B437 /* RideListView.swift */; };
		4947F16422C16515008E6D6A /* RestaurantDetailView.swift in Sources */ = {isa = PBXBuildFile; fileRef = 4947F16322C16515008E6D6A /* RestaurantDetailView.swift */; };
		49779888297F466B0081A776 /* RestaurantMap.swift in Sources */ = {isa = PBXBuildFile; fileRef = 49779887297F466B0081A776 /* RestaurantMap.swift */; };
		497ED9EE297E03DB008AB290 /* smbc.swift in Sources */ = {isa = PBXBuildFile; fileRef = 497ED9ED297E03DB008AB290 /* smbc.swift */; };
		497ED9F4297E4FBB008AB290 /* NoMoreRideView.swift in Sources */ = {isa = PBXBuildFile; fileRef = 497ED9F3297E4FBB008AB290 /* NoMoreRideView.swift */; };
		498A078522C421500026FB5D /* schedule.json in Resources */ = {isa = PBXBuildFile; fileRef = 498A078422C421500026FB5D /* schedule.json */; };
		49AA7CF52742F8ED00FC71E6 /* SmbcHelp.swift in Sources */ = {isa = PBXBuildFile; fileRef = 49AA7CF42742F8ED00FC71E6 /* SmbcHelp.swift */; };
		49AFCBB1273B4F920082046F /* RideRowView.swift in Sources */ = {isa = PBXBuildFile; fileRef = 49AFCBB0273B4F920082046F /* RideRowView.swift */; };
		49AFCBB3273B50EB0082046F /* TripRowView.swift in Sources */ = {isa = PBXBuildFile; fileRef = 49AFCBB2273B50EB0082046F /* TripRowView.swift */; };
		49AFCBB5273B5C760082046F /* SmbcInfo.swift in Sources */ = {isa = PBXBuildFile; fileRef = 49AFCBB4273B5C760082046F /* SmbcInfo.swift */; };
		49AFCBB7273B6DC70082046F /* RefreshAlerts.swift in Sources */ = {isa = PBXBuildFile; fileRef = 49AFCBB6273B6DC70082046F /* RefreshAlerts.swift */; };
		49AFCBB9273B815D0082046F /* YearPickerView.swift in Sources */ = {isa = PBXBuildFile; fileRef = 49AFCBB8273B815D0082046F /* YearPickerView.swift */; };
		49B196A122BEADE2009F51E5 /* ContentView.swift in Sources */ = {isa = PBXBuildFile; fileRef = 49B196A022BEADE2009F51E5 /* ContentView.swift */; };
		49B196A322BEADE3009F51E5 /* Assets.xcassets in Resources */ = {isa = PBXBuildFile; fileRef = 49B196A222BEADE3009F51E5 /* Assets.xcassets */; };
		49B196A622BEADE3009F51E5 /* Preview Assets.xcassets in Resources */ = {isa = PBXBuildFile; fileRef = 49B196A522BEADE3009F51E5 /* Preview Assets.xcassets */; };
		49B196B422BEADE3009F51E5 /* smbcTests.swift in Sources */ = {isa = PBXBuildFile; fileRef = 49B196B322BEADE3009F51E5 /* smbcTests.swift */; };
		49B196BF22BEADE3009F51E5 /* ContentViewTests.swift in Sources */ = {isa = PBXBuildFile; fileRef = 49B196BE22BEADE3009F51E5 /* ContentViewTests.swift */; };
		49CECB31273A165200BE6A2A /* YearModel.swift in Sources */ = {isa = PBXBuildFile; fileRef = 49CECB30273A165200BE6A2A /* YearModel.swift */; };
		49CECB33273A1F2300BE6A2A /* schedule-years.json in Resources */ = {isa = PBXBuildFile; fileRef = 49CECB32273A1F2300BE6A2A /* schedule-years.json */; };
		49D3A82F22EE6E4F00C6682C /* Downloader.swift in Sources */ = {isa = PBXBuildFile; fileRef = 49D3A82C22EE6E4F00C6682C /* Downloader.swift */; };
		49D3A83022EE6E4F00C6682C /* Cache.swift in Sources */ = {isa = PBXBuildFile; fileRef = 49D3A82D22EE6E4F00C6682C /* Cache.swift */; };
		49D3A83322EE6E5F00C6682C /* TripModel.swift in Sources */ = {isa = PBXBuildFile; fileRef = 49D3A83122EE6E5F00C6682C /* TripModel.swift */; };
		49D3A83422EE6E5F00C6682C /* RestaurantModel.swift in Sources */ = {isa = PBXBuildFile; fileRef = 49D3A83222EE6E5F00C6682C /* RestaurantModel.swift */; };
		49D3A83622EE6E9F00C6682C /* RideModel.swift in Sources */ = {isa = PBXBuildFile; fileRef = 49D3A83522EE6E9F00C6682C /* RideModel.swift */; };
		49ED466722C1E44A003AAEE4 /* restaurants.json in Resources */ = {isa = PBXBuildFile; fileRef = 49ED466622C1E44A003AAEE4 /* restaurants.json */; };
		49F2C34122C58B980089CF3C /* TripDetailView.swift in Sources */ = {isa = PBXBuildFile; fileRef = 49F2C34022C58B980089CF3C /* TripDetailView.swift */; };
/* End PBXBuildFile section */

/* Begin PBXContainerItemProxy section */
		49B196B022BEADE3009F51E5 /* PBXContainerItemProxy */ = {
			isa = PBXContainerItemProxy;
			containerPortal = 49B1969122BEADE2009F51E5 /* Project object */;
			proxyType = 1;
			remoteGlobalIDString = 49B1969822BEADE2009F51E5;
			remoteInfo = smbc;
		};
		49B196BB22BEADE3009F51E5 /* PBXContainerItemProxy */ = {
			isa = PBXContainerItemProxy;
			containerPortal = 49B1969122BEADE2009F51E5 /* Project object */;
			proxyType = 1;
			remoteGlobalIDString = 49B1969822BEADE2009F51E5;
			remoteInfo = smbc;
		};
/* End PBXContainerItemProxy section */

/* Begin PBXFileReference section */
		4905C3E722C72CEC00D9B7CE /* trips.json */ = {isa = PBXFileReference; fileEncoding = 4; lastKnownFileType = text.json; path = trips.json; sourceTree = "<group>"; };
		490B75A429AAE6A700EA6EEA /* .swiftlint.yml */ = {isa = PBXFileReference; lastKnownFileType = text.yaml; path = .swiftlint.yml; sourceTree = "<group>"; };
		49158D8222E970C80067D893 /* ProgramState.swift */ = {isa = PBXFileReference; lastKnownFileType = sourcecode.swift; path = ProgramState.swift; sourceTree = "<group>"; };
		491B760E22DEC9EE00268B60 /* RideDetailView.swift */ = {isa = PBXFileReference; lastKnownFileType = sourcecode.swift; path = RideDetailView.swift; sourceTree = "<group>"; };
		492151D3273F342A00B51E94 /* RestaurantDetailViewTests.swift */ = {isa = PBXFileReference; lastKnownFileType = sourcecode.swift; path = RestaurantDetailViewTests.swift; sourceTree = "<group>"; };
		492151D5273F3AAF00B51E94 /* RideVisitsView.swift */ = {isa = PBXFileReference; lastKnownFileType = sourcecode.swift; path = RideVisitsView.swift; sourceTree = "<group>"; };
		493BBFDA22C01AE600E2B437 /* RestaurantView.swift */ = {isa = PBXFileReference; lastKnownFileType = sourcecode.swift; path = RestaurantView.swift; sourceTree = "<group>"; };
		493BBFDC22C01B1000E2B437 /* RideListView.swift */ = {isa = PBXFileReference; lastKnownFileType = sourcecode.swift; path = RideListView.swift; sourceTree = "<group>"; };
		493BBFE022C0966700E2B437 /* smbc.entitlements */ = {isa = PBXFileReference; lastKnownFileType = text.plist.entitlements; path = smbc.entitlements; sourceTree = "<group>"; };
		4947F16322C16515008E6D6A /* RestaurantDetailView.swift */ = {isa = PBXFileReference; lastKnownFileType = sourcecode.swift; path = RestaurantDetailView.swift; sourceTree = "<group>"; };
		49779887297F466B0081A776 /* RestaurantMap.swift */ = {isa = PBXFileReference; lastKnownFileType = sourcecode.swift; path = RestaurantMap.swift; sourceTree = "<group>"; };
		497ED9ED297E03DB008AB290 /* smbc.swift */ = {isa = PBXFileReference; lastKnownFileType = sourcecode.swift; path = smbc.swift; sourceTree = "<group>"; };
		497ED9EF297E17D0008AB290 /* Info.plist */ = {isa = PBXFileReference; fileEncoding = 4; lastKnownFileType = text.plist.xml; path = Info.plist; sourceTree = "<group>"; };
		497ED9F1297E294E008AB290 /* README */ = {isa = PBXFileReference; lastKnownFileType = text; path = README; sourceTree = "<group>"; };
		497ED9F2297E4BAA008AB290 /* LICENSE */ = {isa = PBXFileReference; lastKnownFileType = text; path = LICENSE; sourceTree = "<group>"; };
		497ED9F3297E4FBB008AB290 /* NoMoreRideView.swift */ = {isa = PBXFileReference; lastKnownFileType = sourcecode.swift; path = NoMoreRideView.swift; sourceTree = "<group>"; };
		498A078422C421500026FB5D /* schedule.json */ = {isa = PBXFileReference; fileEncoding = 4; lastKnownFileType = text.json; path = schedule.json; sourceTree = "<group>"; };
		49AA7CF42742F8ED00FC71E6 /* SmbcHelp.swift */ = {isa = PBXFileReference; lastKnownFileType = sourcecode.swift; path = SmbcHelp.swift; sourceTree = "<group>"; };
		49AFCBB0273B4F920082046F /* RideRowView.swift */ = {isa = PBXFileReference; lastKnownFileType = sourcecode.swift; path = RideRowView.swift; sourceTree = "<group>"; };
		49AFCBB2273B50EB0082046F /* TripRowView.swift */ = {isa = PBXFileReference; lastKnownFileType = sourcecode.swift; path = TripRowView.swift; sourceTree = "<group>"; };
		49AFCBB4273B5C760082046F /* SmbcInfo.swift */ = {isa = PBXFileReference; lastKnownFileType = sourcecode.swift; path = SmbcInfo.swift; sourceTree = "<group>"; };
		49AFCBB6273B6DC70082046F /* RefreshAlerts.swift */ = {isa = PBXFileReference; lastKnownFileType = sourcecode.swift; path = RefreshAlerts.swift; sourceTree = "<group>"; };
		49AFCBB8273B815D0082046F /* YearPickerView.swift */ = {isa = PBXFileReference; lastKnownFileType = sourcecode.swift; path = YearPickerView.swift; sourceTree = "<group>"; };
		49B1969922BEADE2009F51E5 /* smbc.app */ = {isa = PBXFileReference; explicitFileType = wrapper.application; includeInIndex = 0; path = smbc.app; sourceTree = BUILT_PRODUCTS_DIR; };
		49B196A022BEADE2009F51E5 /* ContentView.swift */ = {isa = PBXFileReference; lastKnownFileType = sourcecode.swift; path = ContentView.swift; sourceTree = "<group>"; };
		49B196A222BEADE3009F51E5 /* Assets.xcassets */ = {isa = PBXFileReference; lastKnownFileType = folder.assetcatalog; path = Assets.xcassets; sourceTree = "<group>"; };
		49B196A522BEADE3009F51E5 /* Preview Assets.xcassets */ = {isa = PBXFileReference; lastKnownFileType = folder.assetcatalog; path = "Preview Assets.xcassets"; sourceTree = "<group>"; };
		49B196AF22BEADE3009F51E5 /* smbcTests.xctest */ = {isa = PBXFileReference; explicitFileType = wrapper.cfbundle; includeInIndex = 0; path = smbcTests.xctest; sourceTree = BUILT_PRODUCTS_DIR; };
		49B196B322BEADE3009F51E5 /* smbcTests.swift */ = {isa = PBXFileReference; lastKnownFileType = sourcecode.swift; path = smbcTests.swift; sourceTree = "<group>"; };
		49B196B522BEADE3009F51E5 /* Info.plist */ = {isa = PBXFileReference; lastKnownFileType = text.plist.xml; path = Info.plist; sourceTree = "<group>"; };
		49B196BA22BEADE3009F51E5 /* smbcUITests.xctest */ = {isa = PBXFileReference; explicitFileType = wrapper.cfbundle; includeInIndex = 0; path = smbcUITests.xctest; sourceTree = BUILT_PRODUCTS_DIR; };
		49B196BE22BEADE3009F51E5 /* ContentViewTests.swift */ = {isa = PBXFileReference; lastKnownFileType = sourcecode.swift; path = ContentViewTests.swift; sourceTree = "<group>"; };
		49B196C022BEADE3009F51E5 /* Info.plist */ = {isa = PBXFileReference; lastKnownFileType = text.plist.xml; path = Info.plist; sourceTree = "<group>"; };
		49CECB30273A165200BE6A2A /* YearModel.swift */ = {isa = PBXFileReference; lastKnownFileType = sourcecode.swift; path = YearModel.swift; sourceTree = "<group>"; };
		49CECB32273A1F2300BE6A2A /* schedule-years.json */ = {isa = PBXFileReference; fileEncoding = 4; lastKnownFileType = text.json; path = "schedule-years.json"; sourceTree = "<group>"; };
		49D3A82C22EE6E4F00C6682C /* Downloader.swift */ = {isa = PBXFileReference; fileEncoding = 4; lastKnownFileType = sourcecode.swift; path = Downloader.swift; sourceTree = "<group>"; };
		49D3A82D22EE6E4F00C6682C /* Cache.swift */ = {isa = PBXFileReference; fileEncoding = 4; lastKnownFileType = sourcecode.swift; path = Cache.swift; sourceTree = "<group>"; };
		49D3A83122EE6E5F00C6682C /* TripModel.swift */ = {isa = PBXFileReference; fileEncoding = 4; lastKnownFileType = sourcecode.swift; path = TripModel.swift; sourceTree = "<group>"; };
		49D3A83222EE6E5F00C6682C /* RestaurantModel.swift */ = {isa = PBXFileReference; fileEncoding = 4; lastKnownFileType = sourcecode.swift; path = RestaurantModel.swift; sourceTree = "<group>"; };
		49D3A83522EE6E9F00C6682C /* RideModel.swift */ = {isa = PBXFileReference; lastKnownFileType = sourcecode.swift; path = RideModel.swift; sourceTree = "<group>"; };
		49ED466622C1E44A003AAEE4 /* restaurants.json */ = {isa = PBXFileReference; lastKnownFileType = text.json; path = restaurants.json; sourceTree = "<group>"; };
		49F2C34022C58B980089CF3C /* TripDetailView.swift */ = {isa = PBXFileReference; lastKnownFileType = sourcecode.swift; path = TripDetailView.swift; sourceTree = "<group>"; };
/* End PBXFileReference section */

/* Begin PBXFrameworksBuildPhase section */
		49B1969622BEADE2009F51E5 /* Frameworks */ = {
			isa = PBXFrameworksBuildPhase;
			buildActionMask = 2147483647;
			files = (
			);
			runOnlyForDeploymentPostprocessing = 0;
		};
		49B196AC22BEADE3009F51E5 /* Frameworks */ = {
			isa = PBXFrameworksBuildPhase;
			buildActionMask = 2147483647;
			files = (
			);
			runOnlyForDeploymentPostprocessing = 0;
		};
		49B196B722BEADE3009F51E5 /* Frameworks */ = {
			isa = PBXFrameworksBuildPhase;
			buildActionMask = 2147483647;
			files = (
			);
			runOnlyForDeploymentPostprocessing = 0;
		};
/* End PBXFrameworksBuildPhase section */

/* Begin PBXGroup section */
		49B1969022BEADE2009F51E5 = {
			isa = PBXGroup;
			children = (
				497ED9F1297E294E008AB290 /* README */,
				497ED9F2297E4BAA008AB290 /* LICENSE */,
				490B75A429AAE6A700EA6EEA /* .swiftlint.yml */,
				49B1969B22BEADE2009F51E5 /* smbc */,
				49B196B222BEADE3009F51E5 /* smbcTests */,
				49B196BD22BEADE3009F51E5 /* smbcUITests */,
				49B1969A22BEADE2009F51E5 /* Products */,
			);
			sourceTree = "<group>";
		};
		49B1969A22BEADE2009F51E5 /* Products */ = {
			isa = PBXGroup;
			children = (
				49B1969922BEADE2009F51E5 /* smbc.app */,
				49B196AF22BEADE3009F51E5 /* smbcTests.xctest */,
				49B196BA22BEADE3009F51E5 /* smbcUITests.xctest */,
			);
			name = Products;
			sourceTree = "<group>";
		};
		49B1969B22BEADE2009F51E5 /* smbc */ = {
			isa = PBXGroup;
			children = (
				497ED9ED297E03DB008AB290 /* smbc.swift */,
				49B196A022BEADE2009F51E5 /* ContentView.swift */,
				49AFCBB4273B5C760082046F /* SmbcInfo.swift */,
				49AA7CF42742F8ED00FC71E6 /* SmbcHelp.swift */,
				497ED9F3297E4FBB008AB290 /* NoMoreRideView.swift */,
				49AFCBB6273B6DC70082046F /* RefreshAlerts.swift */,
				493BBFDA22C01AE600E2B437 /* RestaurantView.swift */,
				4947F16322C16515008E6D6A /* RestaurantDetailView.swift */,
				49779887297F466B0081A776 /* RestaurantMap.swift */,
				492151D5273F3AAF00B51E94 /* RideVisitsView.swift */,
				493BBFDC22C01B1000E2B437 /* RideListView.swift */,
				49AFCBB8273B815D0082046F /* YearPickerView.swift */,
				49AFCBB0273B4F920082046F /* RideRowView.swift */,
				49AFCBB2273B50EB0082046F /* TripRowView.swift */,
				491B760E22DEC9EE00268B60 /* RideDetailView.swift */,
				49F2C34022C58B980089CF3C /* TripDetailView.swift */,
				49D3A82D22EE6E4F00C6682C /* Cache.swift */,
				49D3A82C22EE6E4F00C6682C /* Downloader.swift */,
				49158D8222E970C80067D893 /* ProgramState.swift */,
				49CECB30273A165200BE6A2A /* YearModel.swift */,
				49D3A83222EE6E5F00C6682C /* RestaurantModel.swift */,
				49D3A83522EE6E9F00C6682C /* RideModel.swift */,
				49D3A83122EE6E5F00C6682C /* TripModel.swift */,
				49B196A222BEADE3009F51E5 /* Assets.xcassets */,
				497ED9EF297E17D0008AB290 /* Info.plist */,
				493BBFE022C0966700E2B437 /* smbc.entitlements */,
				49ED466822C1E46D003AAEE4 /* Resources */,
			);
			path = smbc;
			sourceTree = "<group>";
		};
		49B196A422BEADE3009F51E5 /* Preview Content */ = {
			isa = PBXGroup;
			children = (
				49B196A522BEADE3009F51E5 /* Preview Assets.xcassets */,
			);
			path = "Preview Content";
			sourceTree = "<group>";
		};
		49B196B222BEADE3009F51E5 /* smbcTests */ = {
			isa = PBXGroup;
			children = (
				49B196B322BEADE3009F51E5 /* smbcTests.swift */,
				49B196B522BEADE3009F51E5 /* Info.plist */,
			);
			path = smbcTests;
			sourceTree = "<group>";
		};
		49B196BD22BEADE3009F51E5 /* smbcUITests */ = {
			isa = PBXGroup;
			children = (
				49B196BE22BEADE3009F51E5 /* ContentViewTests.swift */,
				492151D3273F342A00B51E94 /* RestaurantDetailViewTests.swift */,
				49B196C022BEADE3009F51E5 /* Info.plist */,
			);
			path = smbcUITests;
			sourceTree = "<group>";
		};
		49ED466822C1E46D003AAEE4 /* Resources */ = {
			isa = PBXGroup;
			children = (
				49B196A422BEADE3009F51E5 /* Preview Content */,
				49CECB32273A1F2300BE6A2A /* schedule-years.json */,
				4905C3E722C72CEC00D9B7CE /* trips.json */,
				498A078422C421500026FB5D /* schedule.json */,
				49ED466622C1E44A003AAEE4 /* restaurants.json */,
			);
			path = Resources;
			sourceTree = "<group>";
		};
/* End PBXGroup section */

/* Begin PBXNativeTarget section */
		49B1969822BEADE2009F51E5 /* smbc */ = {
			isa = PBXNativeTarget;
			buildConfigurationList = 49B196C322BEADE3009F51E5 /* Build configuration list for PBXNativeTarget "smbc" */;
			buildPhases = (
				49B1969522BEADE2009F51E5 /* Sources */,
				49B1969622BEADE2009F51E5 /* Frameworks */,
				49B1969722BEADE2009F51E5 /* Resources */,
				498C2CD922D8FED1009656E4 /* ShellScript */,
				494898D129A99C8800692E86 /* Swift Lint */,
			);
			buildRules = (
			);
			dependencies = (
			);
			name = smbc;
			productName = smbc;
			productReference = 49B1969922BEADE2009F51E5 /* smbc.app */;
			productType = "com.apple.product-type.application";
		};
		49B196AE22BEADE3009F51E5 /* smbcTests */ = {
			isa = PBXNativeTarget;
			buildConfigurationList = 49B196C622BEADE3009F51E5 /* Build configuration list for PBXNativeTarget "smbcTests" */;
			buildPhases = (
				49B196AB22BEADE3009F51E5 /* Sources */,
				49B196AC22BEADE3009F51E5 /* Frameworks */,
				49B196AD22BEADE3009F51E5 /* Resources */,
			);
			buildRules = (
			);
			dependencies = (
				49B196B122BEADE3009F51E5 /* PBXTargetDependency */,
			);
			name = smbcTests;
			productName = smbcTests;
			productReference = 49B196AF22BEADE3009F51E5 /* smbcTests.xctest */;
			productType = "com.apple.product-type.bundle.unit-test";
		};
		49B196B922BEADE3009F51E5 /* smbcUITests */ = {
			isa = PBXNativeTarget;
			buildConfigurationList = 49B196C922BEADE3009F51E5 /* Build configuration list for PBXNativeTarget "smbcUITests" */;
			buildPhases = (
				49B196B622BEADE3009F51E5 /* Sources */,
				49B196B722BEADE3009F51E5 /* Frameworks */,
				49B196B822BEADE3009F51E5 /* Resources */,
			);
			buildRules = (
			);
			dependencies = (
				49B196BC22BEADE3009F51E5 /* PBXTargetDependency */,
			);
			name = smbcUITests;
			productName = smbcUITests;
			productReference = 49B196BA22BEADE3009F51E5 /* smbcUITests.xctest */;
			productType = "com.apple.product-type.bundle.ui-testing";
		};
/* End PBXNativeTarget section */

/* Begin PBXProject section */
		49B1969122BEADE2009F51E5 /* Project object */ = {
			isa = PBXProject;
			attributes = {
				BuildIndependentTargetsInParallel = YES;
				KnownAssetTags = (
					New,
				);
				LastSwiftUpdateCheck = 1100;
				LastUpgradeCheck = 1500;
				ORGANIZATIONNAME = "Marco S Hyman";
				TargetAttributes = {
					49B1969822BEADE2009F51E5 = {
						CreatedOnToolsVersion = 11.0;
					};
					49B196AE22BEADE3009F51E5 = {
						CreatedOnToolsVersion = 11.0;
						TestTargetID = 49B1969822BEADE2009F51E5;
					};
					49B196B922BEADE3009F51E5 = {
						CreatedOnToolsVersion = 11.0;
						TestTargetID = 49B1969822BEADE2009F51E5;
					};
				};
			};
			buildConfigurationList = 49B1969422BEADE2009F51E5 /* Build configuration list for PBXProject "smbc" */;
			compatibilityVersion = "Xcode 14.0";
			developmentRegion = en;
			hasScannedForEncodings = 0;
			knownRegions = (
				en,
				Base,
			);
			mainGroup = 49B1969022BEADE2009F51E5;
			productRefGroup = 49B1969A22BEADE2009F51E5 /* Products */;
			projectDirPath = "";
			projectRoot = "";
			targets = (
				49B1969822BEADE2009F51E5 /* smbc */,
				49B196AE22BEADE3009F51E5 /* smbcTests */,
				49B196B922BEADE3009F51E5 /* smbcUITests */,
			);
		};
/* End PBXProject section */

/* Begin PBXResourcesBuildPhase section */
		49B1969722BEADE2009F51E5 /* Resources */ = {
			isa = PBXResourcesBuildPhase;
			buildActionMask = 2147483647;
			files = (
				4905C3E822C72CEC00D9B7CE /* trips.json in Resources */,
				49CECB33273A1F2300BE6A2A /* schedule-years.json in Resources */,
				498A078522C421500026FB5D /* schedule.json in Resources */,
				49ED466722C1E44A003AAEE4 /* restaurants.json in Resources */,
				49B196A622BEADE3009F51E5 /* Preview Assets.xcassets in Resources */,
				49B196A322BEADE3009F51E5 /* Assets.xcassets in Resources */,
			);
			runOnlyForDeploymentPostprocessing = 0;
		};
		49B196AD22BEADE3009F51E5 /* Resources */ = {
			isa = PBXResourcesBuildPhase;
			buildActionMask = 2147483647;
			files = (
			);
			runOnlyForDeploymentPostprocessing = 0;
		};
		49B196B822BEADE3009F51E5 /* Resources */ = {
			isa = PBXResourcesBuildPhase;
			buildActionMask = 2147483647;
			files = (
			);
			runOnlyForDeploymentPostprocessing = 0;
		};
/* End PBXResourcesBuildPhase section */

/* Begin PBXShellScriptBuildPhase section */
		494898D129A99C8800692E86 /* Swift Lint */ = {
			isa = PBXShellScriptBuildPhase;
			alwaysOutOfDate = 1;
			buildActionMask = 2147483647;
			files = (
			);
			inputFileListPaths = (
			);
			inputPaths = (
			);
			name = "Swift Lint";
			outputFileListPaths = (
			);
			outputPaths = (
			);
			runOnlyForDeploymentPostprocessing = 0;
			shellPath = /bin/sh;
			shellScript = "# Type a script or drag a script file from your workspace to insert its path.\nif which swiftlint > /dev/null; then\n  swiftlint\nelse\n  echo \"warning: SwiftLint not installed, download from https://github.com/realm/SwiftLint\"\nfi\n";
		};
		498C2CD922D8FED1009656E4 /* ShellScript */ = {
			isa = PBXShellScriptBuildPhase;
			alwaysOutOfDate = 1;
			buildActionMask = 2147483647;
			files = (
			);
			inputFileListPaths = (
			);
			inputPaths = (
				"${TARGET_BUILD_DIR}/${INFOPLIST_PATH}",
			);
			outputFileListPaths = (
			);
			outputPaths = (
			);
			runOnlyForDeploymentPostprocessing = 0;
			shellPath = /bin/sh;
			shellScript = "# This script automatically sets the version and short version string of\n# an Xcode project from the Git repository containing the project.\n#\n# To use this script in Xcode, add the script's path to a \"Run Script\" build\n# phase for your application target.\n\nset -o errexit\nset -o nounset\n\n# First, check for git in $PATH\nhash git 2>/dev/null || { echo >&2 \"Git required, not in path.  Aborting build number update script.\"; exit 0; }\n\n# Run Script build phases that operate on product files of the target that defines them should use the value of this\n# build setting [TARGET_BUILD_DIR].\nINFO_PLIST=\"${TARGET_BUILD_DIR}/${INFOPLIST_PATH}\"\n\n# Build version (closest-tag-or-branch \"-\" commits-since-tag \"-\" short-hash dirty-flag)\n# Bundle version starts with the total number of commits\nBUILD_VERSION=$(git describe --tags --always --dirty=+)\nBUNDLE_VERSION=$(git rev-list --count HEAD)\n\n# Use the latest tag for short version (expected tag format \"vn[.n[.n]]\")\n# or if there are no tags, we make up version 0.0.<commit count>\nLATEST_TAG=$(git describe --tags --match 'v*' --abbrev=0 2>/dev/null) || LATEST_TAG=\"HEAD\"\nif [ $LATEST_TAG = \"HEAD\" ]; then\n SHORT_VERSION=\"0.0.$BUNDLE_VERSION\"\nelse\n COMMIT_COUNT_SINCE_TAG=$(git rev-list --count ${LATEST_TAG}..HEAD)\n SHORT_VERSION=${LATEST_TAG##v}\n if [ ${COMMIT_COUNT_SINCE_TAG} -ne 0 ]; then\n  SHORT_VERSION=${SHORT_VERSION}.${COMMIT_COUNT_SINCE_TAG}\n fi\nfi\n\n# Append a \".1\" to the bundle version if the working dir is dirty\nif [ -n \"$(git status --porcelain)\" ]; then\nBUNDLE_VERSION=\"${BUNDLE_VERSION}.1\"\nfi\n\n# For debugging:\necho \"BUILD VERSION: $BUILD_VERSION\"\necho \"LATEST_TAG: $LATEST_TAG\"\necho \"SHORT VERSION: $SHORT_VERSION\"\necho \"BUNDLE_VERSION: $BUNDLE_VERSION\"\n\n/usr/libexec/PlistBuddy -c \"Add :CFBundleBuildVersion string $BUILD_VERSION\" \"$INFO_PLIST\" 2>/dev/null || /usr/libexec/PlistBuddy -c \"Set :CFBundleBuildVersion $BUILD_VERSION\" \"$INFO_PLIST\"\n/usr/libexec/PlistBuddy -c \"Set :CFBundleShortVersionString $SHORT_VERSION\" \"$INFO_PLIST\"\n/usr/libexec/PlistBuddy -c \"Set :CFBundleVersion $BUNDLE_VERSION\" \"$INFO_PLIST\"\n";
		};
/* End PBXShellScriptBuildPhase section */

/* Begin PBXSourcesBuildPhase section */
		49B1969522BEADE2009F51E5 /* Sources */ = {
			isa = PBXSourcesBuildPhase;
			buildActionMask = 2147483647;
			files = (
				49D3A83022EE6E4F00C6682C /* Cache.swift in Sources */,
				49AFCBB9273B815D0082046F /* YearPickerView.swift in Sources */,
				493BBFDD22C01B1000E2B437 /* RideListView.swift in Sources */,
				49AFCBB1273B4F920082046F /* RideRowView.swift in Sources */,
				49AFCBB5273B5C760082046F /* SmbcInfo.swift in Sources */,
				491B760F22DEC9EE00268B60 /* RideDetailView.swift in Sources */,
				49158D8322E970C80067D893 /* ProgramState.swift in Sources */,
				492151D6273F3AAF00B51E94 /* RideVisitsView.swift in Sources */,
				4947F16422C16515008E6D6A /* RestaurantDetailView.swift in Sources */,
				497ED9EE297E03DB008AB290 /* smbc.swift in Sources */,
				49AA7CF52742F8ED00FC71E6 /* SmbcHelp.swift in Sources */,
				49F2C34122C58B980089CF3C /* TripDetailView.swift in Sources */,
				49CECB31273A165200BE6A2A /* YearModel.swift in Sources */,
				49779888297F466B0081A776 /* RestaurantMap.swift in Sources */,
				49AFCBB3273B50EB0082046F /* TripRowView.swift in Sources */,
				49D3A83322EE6E5F00C6682C /* TripModel.swift in Sources */,
				49D3A83622EE6E9F00C6682C /* RideModel.swift in Sources */,
				49D3A83422EE6E5F00C6682C /* RestaurantModel.swift in Sources */,
				49D3A82F22EE6E4F00C6682C /* Downloader.swift in Sources */,
				49B196A122BEADE2009F51E5 /* ContentView.swift in Sources */,
				493BBFDB22C01AE600E2B437 /* RestaurantView.swift in Sources */,
				497ED9F4297E4FBB008AB290 /* NoMoreRideView.swift in Sources */,
				49AFCBB7273B6DC70082046F /* RefreshAlerts.swift in Sources */,
			);
			runOnlyForDeploymentPostprocessing = 0;
		};
		49B196AB22BEADE3009F51E5 /* Sources */ = {
			isa = PBXSourcesBuildPhase;
			buildActionMask = 2147483647;
			files = (
				49B196B422BEADE3009F51E5 /* smbcTests.swift in Sources */,
			);
			runOnlyForDeploymentPostprocessing = 0;
		};
		49B196B622BEADE3009F51E5 /* Sources */ = {
			isa = PBXSourcesBuildPhase;
			buildActionMask = 2147483647;
			files = (
				492151D4273F342A00B51E94 /* RestaurantDetailViewTests.swift in Sources */,
				49B196BF22BEADE3009F51E5 /* ContentViewTests.swift in Sources */,
			);
			runOnlyForDeploymentPostprocessing = 0;
		};
/* End PBXSourcesBuildPhase section */

/* Begin PBXTargetDependency section */
		49B196B122BEADE3009F51E5 /* PBXTargetDependency */ = {
			isa = PBXTargetDependency;
			target = 49B1969822BEADE2009F51E5 /* smbc */;
			targetProxy = 49B196B022BEADE3009F51E5 /* PBXContainerItemProxy */;
		};
		49B196BC22BEADE3009F51E5 /* PBXTargetDependency */ = {
			isa = PBXTargetDependency;
			target = 49B1969822BEADE2009F51E5 /* smbc */;
			targetProxy = 49B196BB22BEADE3009F51E5 /* PBXContainerItemProxy */;
		};
/* End PBXTargetDependency section */

/* Begin XCBuildConfiguration section */
		49B196C122BEADE3009F51E5 /* Debug */ = {
			isa = XCBuildConfiguration;
			buildSettings = {
				ALWAYS_SEARCH_USER_PATHS = NO;
				CLANG_ANALYZER_NONNULL = YES;
				CLANG_ANALYZER_NUMBER_OBJECT_CONVERSION = YES_AGGRESSIVE;
				CLANG_CXX_LANGUAGE_STANDARD = "gnu++14";
				CLANG_CXX_LIBRARY = "libc++";
				CLANG_ENABLE_MODULES = YES;
				CLANG_ENABLE_OBJC_ARC = YES;
				CLANG_ENABLE_OBJC_WEAK = YES;
				CLANG_WARN_BLOCK_CAPTURE_AUTORELEASING = YES;
				CLANG_WARN_BOOL_CONVERSION = YES;
				CLANG_WARN_COMMA = YES;
				CLANG_WARN_CONSTANT_CONVERSION = YES;
				CLANG_WARN_DEPRECATED_OBJC_IMPLEMENTATIONS = YES;
				CLANG_WARN_DIRECT_OBJC_ISA_USAGE = YES_ERROR;
				CLANG_WARN_DOCUMENTATION_COMMENTS = YES;
				CLANG_WARN_EMPTY_BODY = YES;
				CLANG_WARN_ENUM_CONVERSION = YES;
				CLANG_WARN_INFINITE_RECURSION = YES;
				CLANG_WARN_INT_CONVERSION = YES;
				CLANG_WARN_NON_LITERAL_NULL_CONVERSION = YES;
				CLANG_WARN_OBJC_IMPLICIT_RETAIN_SELF = YES;
				CLANG_WARN_OBJC_LITERAL_CONVERSION = YES;
				CLANG_WARN_OBJC_ROOT_CLASS = YES_ERROR;
				CLANG_WARN_QUOTED_INCLUDE_IN_FRAMEWORK_HEADER = YES;
				CLANG_WARN_RANGE_LOOP_ANALYSIS = YES;
				CLANG_WARN_STRICT_PROTOTYPES = YES;
				CLANG_WARN_SUSPICIOUS_MOVE = YES;
				CLANG_WARN_UNGUARDED_AVAILABILITY = YES_AGGRESSIVE;
				CLANG_WARN_UNREACHABLE_CODE = YES;
				CLANG_WARN__DUPLICATE_METHOD_MATCH = YES;
				COPY_PHASE_STRIP = NO;
				DEBUG_INFORMATION_FORMAT = dwarf;
				ENABLE_STRICT_OBJC_MSGSEND = YES;
				ENABLE_TESTABILITY = YES;
				GCC_C_LANGUAGE_STANDARD = gnu11;
				GCC_DYNAMIC_NO_PIC = NO;
				GCC_NO_COMMON_BLOCKS = YES;
				GCC_OPTIMIZATION_LEVEL = 0;
				GCC_PREPROCESSOR_DEFINITIONS = (
					"DEBUG=1",
					"$(inherited)",
				);
				GCC_WARN_64_TO_32_BIT_CONVERSION = YES;
				GCC_WARN_ABOUT_RETURN_TYPE = YES_ERROR;
				GCC_WARN_UNDECLARED_SELECTOR = YES;
				GCC_WARN_UNINITIALIZED_AUTOS = YES_AGGRESSIVE;
				GCC_WARN_UNUSED_FUNCTION = YES;
				GCC_WARN_UNUSED_VARIABLE = YES;
				IPHONEOS_DEPLOYMENT_TARGET = 16.0;
				MTL_ENABLE_DEBUG_INFO = INCLUDE_SOURCE;
				MTL_FAST_MATH = YES;
				ONLY_ACTIVE_ARCH = YES;
				SDKROOT = iphoneos;
				SWIFT_ACTIVE_COMPILATION_CONDITIONS = DEBUG;
				SWIFT_OPTIMIZATION_LEVEL = "-Onone";
			};
			name = Debug;
		};
		49B196C222BEADE3009F51E5 /* Release */ = {
			isa = XCBuildConfiguration;
			buildSettings = {
				ALWAYS_SEARCH_USER_PATHS = NO;
				CLANG_ANALYZER_NONNULL = YES;
				CLANG_ANALYZER_NUMBER_OBJECT_CONVERSION = YES_AGGRESSIVE;
				CLANG_CXX_LANGUAGE_STANDARD = "gnu++14";
				CLANG_CXX_LIBRARY = "libc++";
				CLANG_ENABLE_MODULES = YES;
				CLANG_ENABLE_OBJC_ARC = YES;
				CLANG_ENABLE_OBJC_WEAK = YES;
				CLANG_WARN_BLOCK_CAPTURE_AUTORELEASING = YES;
				CLANG_WARN_BOOL_CONVERSION = YES;
				CLANG_WARN_COMMA = YES;
				CLANG_WARN_CONSTANT_CONVERSION = YES;
				CLANG_WARN_DEPRECATED_OBJC_IMPLEMENTATIONS = YES;
				CLANG_WARN_DIRECT_OBJC_ISA_USAGE = YES_ERROR;
				CLANG_WARN_DOCUMENTATION_COMMENTS = YES;
				CLANG_WARN_EMPTY_BODY = YES;
				CLANG_WARN_ENUM_CONVERSION = YES;
				CLANG_WARN_INFINITE_RECURSION = YES;
				CLANG_WARN_INT_CONVERSION = YES;
				CLANG_WARN_NON_LITERAL_NULL_CONVERSION = YES;
				CLANG_WARN_OBJC_IMPLICIT_RETAIN_SELF = YES;
				CLANG_WARN_OBJC_LITERAL_CONVERSION = YES;
				CLANG_WARN_OBJC_ROOT_CLASS = YES_ERROR;
				CLANG_WARN_QUOTED_INCLUDE_IN_FRAMEWORK_HEADER = YES;
				CLANG_WARN_RANGE_LOOP_ANALYSIS = YES;
				CLANG_WARN_STRICT_PROTOTYPES = YES;
				CLANG_WARN_SUSPICIOUS_MOVE = YES;
				CLANG_WARN_UNGUARDED_AVAILABILITY = YES_AGGRESSIVE;
				CLANG_WARN_UNREACHABLE_CODE = YES;
				CLANG_WARN__DUPLICATE_METHOD_MATCH = YES;
				COPY_PHASE_STRIP = NO;
				DEBUG_INFORMATION_FORMAT = "dwarf-with-dsym";
				ENABLE_NS_ASSERTIONS = NO;
				ENABLE_STRICT_OBJC_MSGSEND = YES;
				GCC_C_LANGUAGE_STANDARD = gnu11;
				GCC_NO_COMMON_BLOCKS = YES;
				GCC_WARN_64_TO_32_BIT_CONVERSION = YES;
				GCC_WARN_ABOUT_RETURN_TYPE = YES_ERROR;
				GCC_WARN_UNDECLARED_SELECTOR = YES;
				GCC_WARN_UNINITIALIZED_AUTOS = YES_AGGRESSIVE;
				GCC_WARN_UNUSED_FUNCTION = YES;
				GCC_WARN_UNUSED_VARIABLE = YES;
				IPHONEOS_DEPLOYMENT_TARGET = 16.0;
				MTL_ENABLE_DEBUG_INFO = NO;
				MTL_FAST_MATH = YES;
				SDKROOT = iphoneos;
				SWIFT_COMPILATION_MODE = wholemodule;
				SWIFT_OPTIMIZATION_LEVEL = "-O";
				VALIDATE_PRODUCT = YES;
			};
			name = Release;
		};
		49B196C422BEADE3009F51E5 /* Debug */ = {
			isa = XCBuildConfiguration;
			buildSettings = {
				ASSETCATALOG_COMPILER_APPICON_NAME = AppIcon;
				CODE_SIGN_ENTITLEMENTS = smbc/smbc.entitlements;
				CODE_SIGN_STYLE = Automatic;
				DEVELOPMENT_TEAM = A3UXBEBE8Z;
				ENABLE_PREVIEWS = YES;
				INFOPLIST_FILE = smbc/Info.plist;
				IPHONEOS_DEPLOYMENT_TARGET = 16.0;
				LD_RUNPATH_SEARCH_PATHS = (
					"$(inherited)",
					"@executable_path/Frameworks",
				);
				PRODUCT_BUNDLE_IDENTIFIER = org.snafu.smbc;
				PRODUCT_NAME = "$(TARGET_NAME)";
				SWIFT_VERSION = 5.0;
				TARGETED_DEVICE_FAMILY = 1;
			};
			name = Debug;
		};
		49B196C522BEADE3009F51E5 /* Release */ = {
			isa = XCBuildConfiguration;
			buildSettings = {
				ASSETCATALOG_COMPILER_APPICON_NAME = AppIcon;
				CODE_SIGN_ENTITLEMENTS = smbc/smbc.entitlements;
				CODE_SIGN_STYLE = Automatic;
				DEVELOPMENT_TEAM = A3UXBEBE8Z;
				ENABLE_PREVIEWS = YES;
				INFOPLIST_FILE = smbc/Info.plist;
				IPHONEOS_DEPLOYMENT_TARGET = 16.0;
				LD_RUNPATH_SEARCH_PATHS = (
					"$(inherited)",
					"@executable_path/Frameworks",
				);
				PRODUCT_BUNDLE_IDENTIFIER = org.snafu.smbc;
				PRODUCT_NAME = "$(TARGET_NAME)";
				SWIFT_VERSION = 5.0;
				TARGETED_DEVICE_FAMILY = 1;
			};
			name = Release;
		};
		49B196C722BEADE3009F51E5 /* Debug */ = {
			isa = XCBuildConfiguration;
			buildSettings = {
				ALWAYS_EMBED_SWIFT_STANDARD_LIBRARIES = YES;
				BUNDLE_LOADER = "$(TEST_HOST)";
				CODE_SIGN_STYLE = Automatic;
				DEVELOPMENT_TEAM = A3UXBEBE8Z;
				INFOPLIST_FILE = smbcTests/Info.plist;
				LD_RUNPATH_SEARCH_PATHS = (
					"$(inherited)",
					"@executable_path/Frameworks",
					"@loader_path/Frameworks",
				);
				PRODUCT_BUNDLE_IDENTIFIER = org.snafu.smbcTests;
				PRODUCT_NAME = "$(TARGET_NAME)";
				SWIFT_VERSION = 5.0;
				TARGETED_DEVICE_FAMILY = "1,2";
				TEST_HOST = "$(BUILT_PRODUCTS_DIR)/smbc.app/smbc";
			};
			name = Debug;
		};
		49B196C822BEADE3009F51E5 /* Release */ = {
			isa = XCBuildConfiguration;
			buildSettings = {
				ALWAYS_EMBED_SWIFT_STANDARD_LIBRARIES = YES;
				BUNDLE_LOADER = "$(TEST_HOST)";
				CODE_SIGN_STYLE = Automatic;
				DEVELOPMENT_TEAM = A3UXBEBE8Z;
				INFOPLIST_FILE = smbcTests/Info.plist;
				LD_RUNPATH_SEARCH_PATHS = (
					"$(inherited)",
					"@executable_path/Frameworks",
					"@loader_path/Frameworks",
				);
				PRODUCT_BUNDLE_IDENTIFIER = org.snafu.smbcTests;
				PRODUCT_NAME = "$(TARGET_NAME)";
				SWIFT_VERSION = 5.0;
				TARGETED_DEVICE_FAMILY = "1,2";
				TEST_HOST = "$(BUILT_PRODUCTS_DIR)/smbc.app/smbc";
			};
			name = Release;
		};
		49B196CA22BEADE3009F51E5 /* Debug */ = {
			isa = XCBuildConfiguration;
			buildSettings = {
				ALWAYS_EMBED_SWIFT_STANDARD_LIBRARIES = YES;
				CODE_SIGN_STYLE = Automatic;
				DEVELOPMENT_TEAM = A3UXBEBE8Z;
				INFOPLIST_FILE = smbcUITests/Info.plist;
				LD_RUNPATH_SEARCH_PATHS = (
					"$(inherited)",
					"@executable_path/Frameworks",
					"@loader_path/Frameworks",
				);
				PRODUCT_BUNDLE_IDENTIFIER = org.snafu.smbcUITests;
				PRODUCT_NAME = "$(TARGET_NAME)";
				SWIFT_VERSION = 5.0;
				TARGETED_DEVICE_FAMILY = "1,2";
				TEST_TARGET_NAME = smbc;
			};
			name = Debug;
		};
		49B196CB22BEADE3009F51E5 /* Release */ = {
			isa = XCBuildConfiguration;
			buildSettings = {
				ALWAYS_EMBED_SWIFT_STANDARD_LIBRARIES = YES;
				CODE_SIGN_STYLE = Automatic;
				DEVELOPMENT_TEAM = A3UXBEBE8Z;
				INFOPLIST_FILE = smbcUITests/Info.plist;
				LD_RUNPATH_SEARCH_PATHS = (
					"$(inherited)",
					"@executable_path/Frameworks",
					"@loader_path/Frameworks",
				);
				PRODUCT_BUNDLE_IDENTIFIER = org.snafu.smbcUITests;
				PRODUCT_NAME = "$(TARGET_NAME)";
				SWIFT_VERSION = 5.0;
				TARGETED_DEVICE_FAMILY = "1,2";
				TEST_TARGET_NAME = smbc;
			};
			name = Release;
		};
/* End XCBuildConfiguration section */

/* Begin XCConfigurationList section */
		49B1969422BEADE2009F51E5 /* Build configuration list for PBXProject "smbc" */ = {
			isa = XCConfigurationList;
			buildConfigurations = (
				49B196C122BEADE3009F51E5 /* Debug */,
				49B196C222BEADE3009F51E5 /* Release */,
			);
			defaultConfigurationIsVisible = 0;
			defaultConfigurationName = Release;
		};
		49B196C322BEADE3009F51E5 /* Build configuration list for PBXNativeTarget "smbc" */ = {
			isa = XCConfigurationList;
			buildConfigurations = (
				49B196C422BEADE3009F51E5 /* Debug */,
				49B196C522BEADE3009F51E5 /* Release */,
			);
			defaultConfigurationIsVisible = 0;
			defaultConfigurationName = Release;
		};
		49B196C622BEADE3009F51E5 /* Build configuration list for PBXNativeTarget "smbcTests" */ = {
			isa = XCConfigurationList;
			buildConfigurations = (
				49B196C722BEADE3009F51E5 /* Debug */,
				49B196C822BEADE3009F51E5 /* Release */,
			);
			defaultConfigurationIsVisible = 0;
			defaultConfigurationName = Release;
		};
		49B196C922BEADE3009F51E5 /* Build configuration list for PBXNativeTarget "smbcUITests" */ = {
			isa = XCConfigurationList;
			buildConfigurations = (
				49B196CA22BEADE3009F51E5 /* Debug */,
				49B196CB22BEADE3009F51E5 /* Release */,
			);
			defaultConfigurationIsVisible = 0;
			defaultConfigurationName = Release;
		};
/* End XCConfigurationList section */
	};
	rootObject = 49B1969122BEADE2009F51E5 /* Project object */;
}
